lockfileVersion: '9.0'

settings:
  autoInstallPeers: true
  excludeLinksFromLockfile: false

importers:

  .:
    dependencies:
      kuromoji.js:
        specifier: ^0.1.6
        version: 0.1.6(typescript@5.7.3)
      markov-chain-base:
        specifier: ^0.2.1
        version: 0.2.1
    devDependencies:
      '@types/kuromoji':
        specifier: ^0.1.3
        version: 0.1.3
      '@types/node':
        specifier: ^22.13.5
        version: 22.13.5

packages:

  '@types/doublearray@0.0.32':
    resolution: {integrity: sha512-HloTru3I3a55runIVqZX1YBQi2L5A4peNQPh33yshzB4ttt1qHCnHPkuhy9Djy/cTx7i5xJvxItKRPCmvnfpGw==}

  '@types/kuromoji@0.1.3':
    resolution: {integrity: sha512-u+YwX6eJj6Fmm0F5qunsyA+X8HSiyRNNE5ON3itD3tERax4meq9tv+S7bjTMXkPjqbdBGUmH2maGDCuEvpODwg==}

  '@types/node@22.13.5':
    resolution: {integrity: sha512-+lTU0PxZXn0Dr1NBtC7Y8cR21AJr87dLLU953CWA6pMxxv/UDc7jYAY90upcrie1nRcD6XNG5HOYEDtgW5TxAg==}

  kuromoji.js@0.1.6:
    resolution: {integrity: sha512-XOdMk7hx7CM/MY6QI0WTFk8QkIum2bbg5fvZjpyigo4YanZPIJH2XkBmlr+9i03T4Z4n9ZJJc26jXeuVBDFZ9g==}
    hasBin: true
    peerDependencies:
      typescript: ^5.7.2

  markov-chain-base@0.2.1:
    resolution: {integrity: sha512-T5lLtqd8qSUMBp+olFYvq135TCFnWrpEwe/dCeXr7QMLAeFSOjbbEt9XTejvJqwnRBRDsxOrPGHE92DacpenPQ==}

  typescript@5.7.3:
    resolution: {integrity: sha512-84MVSjMEHP+FQRPy3pX9sTVV/INIex71s9TL2Gm5FG/WG1SqXeKyZ0k7/blY/4FdOzI12CBy1vGc4og/eus0fw==}
    engines: {node: '>=14.17'}
    hasBin: true

  undici-types@6.20.0:
    resolution: {integrity: sha512-Ny6QZ2Nju20vw1SRHe3d9jVu6gJ+4e3+MMpqu7pqE5HT6WsTSlce++GQmK5UXS8mzV8DSYHrQH+Xrf2jVcuKNg==}

snapshots:

  '@types/doublearray@0.0.32': {}

  '@types/kuromoji@0.1.3':
    dependencies:
      '@types/doublearray': 0.0.32

  '@types/node@22.13.5':
    dependencies:
      undici-types: 6.20.0

  kuromoji.js@0.1.6(typescript@5.7.3):
    dependencies:
      typescript: 5.7.3

  markov-chain-base@0.2.1: {}

  typescript@5.7.3: {}

  undici-types@6.20.0: {}
